// !$*UTF8*$!
{
	archiveVersion = 1;
	classes = {
	};
	objectVersion = 50;
	objects = {

/* Begin PBXBuildFile section */
		E67C886C226203E800DFB5D1 /* BrightScene.swift in Sources */ = {isa = PBXBuildFile; fileRef = E67C886B226203E800DFB5D1 /* BrightScene.swift */; };
		E67C886D2262041600DFB5D1 /* BrightScene.swift in Sources */ = {isa = PBXBuildFile; fileRef = E67C886B226203E800DFB5D1 /* BrightScene.swift */; };
		E6D69F932250E7D300BFB157 /* AppDelegate.swift in Sources */ = {isa = PBXBuildFile; fileRef = E6D69F922250E7D300BFB157 /* AppDelegate.swift */; };
		E6D69F952250E7D300BFB157 /* art.scnassets in Resources */ = {isa = PBXBuildFile; fileRef = E6D69F942250E7D300BFB157 /* art.scnassets */; };
		E6D69F972250E7D300BFB157 /* GameViewController.swift in Sources */ = {isa = PBXBuildFile; fileRef = E6D69F962250E7D300BFB157 /* GameViewController.swift */; };
		E6D69F9A2250E7D300BFB157 /* Main.storyboard in Resources */ = {isa = PBXBuildFile; fileRef = E6D69F982250E7D300BFB157 /* Main.storyboard */; };
		E6D69F9C2250E7D500BFB157 /* Assets.xcassets in Resources */ = {isa = PBXBuildFile; fileRef = E6D69F9B2250E7D500BFB157 /* Assets.xcassets */; };
		E6D69F9F2250E7D500BFB157 /* LaunchScreen.storyboard in Resources */ = {isa = PBXBuildFile; fileRef = E6D69F9D2250E7D500BFB157 /* LaunchScreen.storyboard */; };
		E6EF2C2322514C0B0059DA76 /* art.scnassets in Resources */ = {isa = PBXBuildFile; fileRef = E6D69F942250E7D300BFB157 /* art.scnassets */; };
		E6EF2C25225252B50059DA76 /* BrightSaverView.swift in Sources */ = {isa = PBXBuildFile; fileRef = E6EF2C24225252B50059DA76 /* BrightSaverView.swift */; };
		E6EF2C2722525B7E0059DA76 /* ImageService.swift in Sources */ = {isa = PBXBuildFile; fileRef = E6EF2C2622525B7E0059DA76 /* ImageService.swift */; };
/* End PBXBuildFile section */

/* Begin PBXFileReference section */
		E65A00E6225F483A00ED5FE7 /* SceneKitMacOS.playground */ = {isa = PBXFileReference; lastKnownFileType = file.playground; path = SceneKitMacOS.playground; sourceTree = SOURCE_ROOT; xcLanguageSpecificationIdentifier = xcode.lang.swift; };
		E67C886B226203E800DFB5D1 /* BrightScene.swift */ = {isa = PBXFileReference; lastKnownFileType = sourcecode.swift; path = BrightScene.swift; sourceTree = "<group>"; };
		E6D69F8F2250E7D300BFB157 /* FloatingCovers.app */ = {isa = PBXFileReference; explicitFileType = wrapper.application; includeInIndex = 0; path = FloatingCovers.app; sourceTree = BUILT_PRODUCTS_DIR; };
		E6D69F922250E7D300BFB157 /* AppDelegate.swift */ = {isa = PBXFileReference; lastKnownFileType = sourcecode.swift; path = AppDelegate.swift; sourceTree = "<group>"; };
		E6D69F942250E7D300BFB157 /* art.scnassets */ = {isa = PBXFileReference; lastKnownFileType = wrapper.scnassets; path = art.scnassets; sourceTree = "<group>"; };
		E6D69F962250E7D300BFB157 /* GameViewController.swift */ = {isa = PBXFileReference; lastKnownFileType = sourcecode.swift; path = GameViewController.swift; sourceTree = "<group>"; };
		E6D69F992250E7D300BFB157 /* Base */ = {isa = PBXFileReference; lastKnownFileType = file.storyboard; name = Base; path = Base.lproj/Main.storyboard; sourceTree = "<group>"; };
		E6D69F9B2250E7D500BFB157 /* Assets.xcassets */ = {isa = PBXFileReference; lastKnownFileType = folder.assetcatalog; path = Assets.xcassets; sourceTree = "<group>"; };
		E6D69F9E2250E7D500BFB157 /* Base */ = {isa = PBXFileReference; lastKnownFileType = file.storyboard; name = Base; path = Base.lproj/LaunchScreen.storyboard; sourceTree = "<group>"; };
		E6D69FA02250E7D500BFB157 /* Info.plist */ = {isa = PBXFileReference; lastKnownFileType = text.plist.xml; path = Info.plist; sourceTree = "<group>"; };
		E6EF2C1922514BFE0059DA76 /* BrightsSaver.saver */ = {isa = PBXFileReference; explicitFileType = wrapper.cfbundle; includeInIndex = 0; path = BrightsSaver.saver; sourceTree = BUILT_PRODUCTS_DIR; };
		E6EF2C1B22514BFE0059DA76 /* BrightsSaverView.h */ = {isa = PBXFileReference; lastKnownFileType = sourcecode.c.h; path = BrightsSaverView.h; sourceTree = "<group>"; };
		E6EF2C1D22514BFE0059DA76 /* BrightsSaverView.m */ = {isa = PBXFileReference; lastKnownFileType = sourcecode.c.objc; path = BrightsSaverView.m; sourceTree = "<group>"; };
		E6EF2C1F22514BFE0059DA76 /* Info.plist */ = {isa = PBXFileReference; lastKnownFileType = text.plist.xml; path = Info.plist; sourceTree = "<group>"; };
		E6EF2C24225252B50059DA76 /* BrightSaverView.swift */ = {isa = PBXFileReference; lastKnownFileType = sourcecode.swift; path = BrightSaverView.swift; sourceTree = "<group>"; };
		E6EF2C2622525B7E0059DA76 /* ImageService.swift */ = {isa = PBXFileReference; lastKnownFileType = sourcecode.swift; path = ImageService.swift; sourceTree = "<group>"; };
/* End PBXFileReference section */

/* Begin PBXFrameworksBuildPhase section */
		E6D69F8C2250E7D300BFB157 /* Frameworks */ = {
			isa = PBXFrameworksBuildPhase;
			buildActionMask = 2147483647;
			files = (
			);
			runOnlyForDeploymentPostprocessing = 0;
		};
		E6EF2C1622514BFE0059DA76 /* Frameworks */ = {
			isa = PBXFrameworksBuildPhase;
			buildActionMask = 2147483647;
			files = (
			);
			runOnlyForDeploymentPostprocessing = 0;
		};
/* End PBXFrameworksBuildPhase section */

/* Begin PBXGroup section */
		E6D69F862250E7D300BFB157 = {
			isa = PBXGroup;
			children = (
				E6D69F912250E7D300BFB157 /* FloatingCovers */,
				E6EF2C1A22514BFE0059DA76 /* BrightsSaver */,
				E6D69F902250E7D300BFB157 /* Products */,
			);
			sourceTree = "<group>";
		};
		E6D69F902250E7D300BFB157 /* Products */ = {
			isa = PBXGroup;
			children = (
				E6D69F8F2250E7D300BFB157 /* FloatingCovers.app */,
				E6EF2C1922514BFE0059DA76 /* BrightsSaver.saver */,
			);
			name = Products;
			sourceTree = "<group>";
		};
		E6D69F912250E7D300BFB157 /* FloatingCovers */ = {
			isa = PBXGroup;
			children = (
				E65A00E6225F483A00ED5FE7 /* SceneKitMacOS.playground */,
				E6D69F922250E7D300BFB157 /* AppDelegate.swift */,
				E6D69F962250E7D300BFB157 /* GameViewController.swift */,
				E6D69F942250E7D300BFB157 /* art.scnassets */,
				E6D69F982250E7D300BFB157 /* Main.storyboard */,
				E6D69F9B2250E7D500BFB157 /* Assets.xcassets */,
				E6D69F9D2250E7D500BFB157 /* LaunchScreen.storyboard */,
				E6D69FA02250E7D500BFB157 /* Info.plist */,
				E67C886B226203E800DFB5D1 /* BrightScene.swift */,
			);
			path = FloatingCovers;
			sourceTree = "<group>";
		};
		E6EF2C1A22514BFE0059DA76 /* BrightsSaver */ = {
			isa = PBXGroup;
			children = (
				E6EF2C1B22514BFE0059DA76 /* BrightsSaverView.h */,
				E6EF2C1D22514BFE0059DA76 /* BrightsSaverView.m */,
				E6EF2C1F22514BFE0059DA76 /* Info.plist */,
				E6EF2C24225252B50059DA76 /* BrightSaverView.swift */,
				E6EF2C2622525B7E0059DA76 /* ImageService.swift */,
			);
			path = BrightsSaver;
			sourceTree = "<group>";
		};
/* End PBXGroup section */

/* Begin PBXHeadersBuildPhase section */
		E6EF2C1422514BFE0059DA76 /* Headers */ = {
			isa = PBXHeadersBuildPhase;
			buildActionMask = 2147483647;
			files = (
			);
			runOnlyForDeploymentPostprocessing = 0;
		};
/* End PBXHeadersBuildPhase section */

/* Begin PBXNativeTarget section */
		E6D69F8E2250E7D300BFB157 /* FloatingCovers */ = {
			isa = PBXNativeTarget;
			buildConfigurationList = E6D69FA32250E7D500BFB157 /* Build configuration list for PBXNativeTarget "FloatingCovers" */;
			buildPhases = (
				E6D69F8B2250E7D300BFB157 /* Sources */,
				E6D69F8C2250E7D300BFB157 /* Frameworks */,
				E6D69F8D2250E7D300BFB157 /* Resources */,
			);
			buildRules = (
			);
			dependencies = (
			);
			name = FloatingCovers;
			productName = FloatingCovers;
			productReference = E6D69F8F2250E7D300BFB157 /* FloatingCovers.app */;
			productType = "com.apple.product-type.application";
		};
		E6EF2C1822514BFE0059DA76 /* BrightsSaver */ = {
			isa = PBXNativeTarget;
			buildConfigurationList = E6EF2C2222514BFE0059DA76 /* Build configuration list for PBXNativeTarget "BrightsSaver" */;
			buildPhases = (
				E6EF2C1422514BFE0059DA76 /* Headers */,
				E6EF2C1522514BFE0059DA76 /* Sources */,
				E6EF2C1622514BFE0059DA76 /* Frameworks */,
				E6EF2C1722514BFE0059DA76 /* Resources */,
			);
			buildRules = (
			);
			dependencies = (
			);
			name = BrightsSaver;
			productName = BrightsSaver;
			productReference = E6EF2C1922514BFE0059DA76 /* BrightsSaver.saver */;
			productType = "com.apple.product-type.bundle";
		};
/* End PBXNativeTarget section */

/* Begin PBXProject section */
		E6D69F872250E7D300BFB157 /* Project object */ = {
			isa = PBXProject;
			attributes = {
				LastSwiftUpdateCheck = 1020;
				LastUpgradeCheck = 1020;
				ORGANIZATIONNAME = "Mac Bellingrath";
				TargetAttributes = {
					E6D69F8E2250E7D300BFB157 = {
						CreatedOnToolsVersion = 10.2;
					};
					E6EF2C1822514BFE0059DA76 = {
						CreatedOnToolsVersion = 10.2;
						LastSwiftMigration = 1020;
					};
				};
			};
			buildConfigurationList = E6D69F8A2250E7D300BFB157 /* Build configuration list for PBXProject "FloatingCovers" */;
			compatibilityVersion = "Xcode 9.3";
			developmentRegion = en;
			hasScannedForEncodings = 0;
			knownRegions = (
				en,
				Base,
			);
			mainGroup = E6D69F862250E7D300BFB157;
			productRefGroup = E6D69F902250E7D300BFB157 /* Products */;
			projectDirPath = "";
			projectRoot = "";
			targets = (
				E6D69F8E2250E7D300BFB157 /* FloatingCovers */,
				E6EF2C1822514BFE0059DA76 /* BrightsSaver */,
			);
		};
/* End PBXProject section */

/* Begin PBXResourcesBuildPhase section */
		E6D69F8D2250E7D300BFB157 /* Resources */ = {
			isa = PBXResourcesBuildPhase;
			buildActionMask = 2147483647;
			files = (
				E6D69F952250E7D300BFB157 /* art.scnassets in Resources */,
				E6D69F9F2250E7D500BFB157 /* LaunchScreen.storyboard in Resources */,
				E6D69F9C2250E7D500BFB157 /* Assets.xcassets in Resources */,
				E6D69F9A2250E7D300BFB157 /* Main.storyboard in Resources */,
			);
			runOnlyForDeploymentPostprocessing = 0;
		};
		E6EF2C1722514BFE0059DA76 /* Resources */ = {
			isa = PBXResourcesBuildPhase;
			buildActionMask = 2147483647;
			files = (
				E6EF2C2322514C0B0059DA76 /* art.scnassets in Resources */,
			);
			runOnlyForDeploymentPostprocessing = 0;
		};
/* End PBXResourcesBuildPhase section */

/* Begin PBXSourcesBuildPhase section */
		E6D69F8B2250E7D300BFB157 /* Sources */ = {
			isa = PBXSourcesBuildPhase;
			buildActionMask = 2147483647;
			files = (
				E6D69F972250E7D300BFB157 /* GameViewController.swift in Sources */,
				E6D69F932250E7D300BFB157 /* AppDelegate.swift in Sources */,
				E67C886C226203E800DFB5D1 /* BrightScene.swift in Sources */,
			);
			runOnlyForDeploymentPostprocessing = 0;
		};
		E6EF2C1522514BFE0059DA76 /* Sources */ = {
			isa = PBXSourcesBuildPhase;
			buildActionMask = 2147483647;
			files = (
				E6EF2C25225252B50059DA76 /* BrightSaverView.swift in Sources */,
				E6EF2C2722525B7E0059DA76 /* ImageService.swift in Sources */,
				E67C886D2262041600DFB5D1 /* BrightScene.swift in Sources */,
			);
			runOnlyForDeploymentPostprocessing = 0;
		};
/* End PBXSourcesBuildPhase section */

/* Begin PBXVariantGroup section */
		E6D69F982250E7D300BFB157 /* Main.storyboard */ = {
			isa = PBXVariantGroup;
			children = (
				E6D69F992250E7D300BFB157 /* Base */,
			);
			name = Main.storyboard;
			sourceTree = "<group>";
		};
		E6D69F9D2250E7D500BFB157 /* LaunchScreen.storyboard */ = {
			isa = PBXVariantGroup;
			children = (
				E6D69F9E2250E7D500BFB157 /* Base */,
			);
			name = LaunchScreen.storyboard;
			sourceTree = "<group>";
		};
/* End PBXVariantGroup section */

/* Begin XCBuildConfiguration section */
		E6D69FA12250E7D500BFB157 /* Debug */ = {
			isa = XCBuildConfiguration;
			buildSettings = {
				ALWAYS_SEARCH_USER_PATHS = NO;
				CLANG_ANALYZER_NONNULL = YES;
				CLANG_ANALYZER_NUMBER_OBJECT_CONVERSION = YES_AGGRESSIVE;
				CLANG_CXX_LANGUAGE_STANDARD = "gnu++14";
				CLANG_CXX_LIBRARY = "libc++";
				CLANG_ENABLE_MODULES = YES;
				CLANG_ENABLE_OBJC_ARC = YES;
				CLANG_ENABLE_OBJC_WEAK = YES;
				CLANG_WARN_BLOCK_CAPTURE_AUTORELEASING = YES;
				CLANG_WARN_BOOL_CONVERSION = YES;
				CLANG_WARN_COMMA = YES;
				CLANG_WARN_CONSTANT_CONVERSION = YES;
				CLANG_WARN_DEPRECATED_OBJC_IMPLEMENTATIONS = YES;
				CLANG_WARN_DIRECT_OBJC_ISA_USAGE = YES_ERROR;
				CLANG_WARN_DOCUMENTATION_COMMENTS = YES;
				CLANG_WARN_EMPTY_BODY = YES;
				CLANG_WARN_ENUM_CONVERSION = YES;
				CLANG_WARN_INFINITE_RECURSION = YES;
				CLANG_WARN_INT_CONVERSION = YES;
				CLANG_WARN_NON_LITERAL_NULL_CONVERSION = YES;
				CLANG_WARN_OBJC_IMPLICIT_RETAIN_SELF = YES;
				CLANG_WARN_OBJC_LITERAL_CONVERSION = YES;
				CLANG_WARN_OBJC_ROOT_CLASS = YES_ERROR;
				CLANG_WARN_RANGE_LOOP_ANALYSIS = YES;
				CLANG_WARN_STRICT_PROTOTYPES = YES;
				CLANG_WARN_SUSPICIOUS_MOVE = YES;
				CLANG_WARN_UNGUARDED_AVAILABILITY = YES_AGGRESSIVE;
				CLANG_WARN_UNREACHABLE_CODE = YES;
				CLANG_WARN__DUPLICATE_METHOD_MATCH = YES;
				CODE_SIGN_IDENTITY = "iPhone Developer";
				COPY_PHASE_STRIP = NO;
				DEBUG_INFORMATION_FORMAT = dwarf;
				ENABLE_STRICT_OBJC_MSGSEND = YES;
				ENABLE_TESTABILITY = YES;
				GCC_C_LANGUAGE_STANDARD = gnu11;
				GCC_DYNAMIC_NO_PIC = NO;
				GCC_NO_COMMON_BLOCKS = YES;
				GCC_OPTIMIZATION_LEVEL = 0;
				GCC_PREPROCESSOR_DEFINITIONS = (
					"DEBUG=1",
					"$(inherited)",
				);
				GCC_WARN_64_TO_32_BIT_CONVERSION = YES;
				GCC_WARN_ABOUT_RETURN_TYPE = YES_ERROR;
				GCC_WARN_UNDECLARED_SELECTOR = YES;
				GCC_WARN_UNINITIALIZED_AUTOS = YES_AGGRESSIVE;
				GCC_WARN_UNUSED_FUNCTION = YES;
				GCC_WARN_UNUSED_VARIABLE = YES;
				IPHONEOS_DEPLOYMENT_TARGET = 12.2;
				MTL_ENABLE_DEBUG_INFO = INCLUDE_SOURCE;
				MTL_FAST_MATH = YES;
				ONLY_ACTIVE_ARCH = YES;
				SDKROOT = iphoneos;
				SWIFT_ACTIVE_COMPILATION_CONDITIONS = DEBUG;
				SWIFT_OPTIMIZATION_LEVEL = "-Onone";
			};
			name = Debug;
		};
		E6D69FA22250E7D500BFB157 /* Release */ = {
			isa = XCBuildConfiguration;
			buildSettings = {
				ALWAYS_SEARCH_USER_PATHS = NO;
				CLANG_ANALYZER_NONNULL = YES;
				CLANG_ANALYZER_NUMBER_OBJECT_CONVERSION = YES_AGGRESSIVE;
				CLANG_CXX_LANGUAGE_STANDARD = "gnu++14";
				CLANG_CXX_LIBRARY = "libc++";
				CLANG_ENABLE_MODULES = YES;
				CLANG_ENABLE_OBJC_ARC = YES;
				CLANG_ENABLE_OBJC_WEAK = YES;
				CLANG_WARN_BLOCK_CAPTURE_AUTORELEASING = YES;
				CLANG_WARN_BOOL_CONVERSION = YES;
				CLANG_WARN_COMMA = YES;
				CLANG_WARN_CONSTANT_CONVERSION = YES;
				CLANG_WARN_DEPRECATED_OBJC_IMPLEMENTATIONS = YES;
				CLANG_WARN_DIRECT_OBJC_ISA_USAGE = YES_ERROR;
				CLANG_WARN_DOCUMENTATION_COMMENTS = YES;
				CLANG_WARN_EMPTY_BODY = YES;
				CLANG_WARN_ENUM_CONVERSION = YES;
				CLANG_WARN_INFINITE_RECURSION = YES;
				CLANG_WARN_INT_CONVERSION = YES;
				CLANG_WARN_NON_LITERAL_NULL_CONVERSION = YES;
				CLANG_WARN_OBJC_IMPLICIT_RETAIN_SELF = YES;
				CLANG_WARN_OBJC_LITERAL_CONVERSION = YES;
				CLANG_WARN_OBJC_ROOT_CLASS = YES_ERROR;
				CLANG_WARN_RANGE_LOOP_ANALYSIS = YES;
				CLANG_WARN_STRICT_PROTOTYPES = YES;
				CLANG_WARN_SUSPICIOUS_MOVE = YES;
				CLANG_WARN_UNGUARDED_AVAILABILITY = YES_AGGRESSIVE;
				CLANG_WARN_UNREACHABLE_CODE = YES;
				CLANG_WARN__DUPLICATE_METHOD_MATCH = YES;
				CODE_SIGN_IDENTITY = "iPhone Developer";
				COPY_PHASE_STRIP = NO;
				DEBUG_INFORMATION_FORMAT = "dwarf-with-dsym";
				ENABLE_NS_ASSERTIONS = NO;
				ENABLE_STRICT_OBJC_MSGSEND = YES;
				GCC_C_LANGUAGE_STANDARD = gnu11;
				GCC_NO_COMMON_BLOCKS = YES;
				GCC_WARN_64_TO_32_BIT_CONVERSION = YES;
				GCC_WARN_ABOUT_RETURN_TYPE = YES_ERROR;
				GCC_WARN_UNDECLARED_SELECTOR = YES;
				GCC_WARN_UNINITIALIZED_AUTOS = YES_AGGRESSIVE;
				GCC_WARN_UNUSED_FUNCTION = YES;
				GCC_WARN_UNUSED_VARIABLE = YES;
				IPHONEOS_DEPLOYMENT_TARGET = 12.2;
				MTL_ENABLE_DEBUG_INFO = NO;
				MTL_FAST_MATH = YES;
				SDKROOT = iphoneos;
				SWIFT_COMPILATION_MODE = wholemodule;
				SWIFT_OPTIMIZATION_LEVEL = "-O";
				VALIDATE_PRODUCT = YES;
			};
			name = Release;
		};
		E6D69FA42250E7D500BFB157 /* Debug */ = {
			isa = XCBuildConfiguration;
			buildSettings = {
				ASSETCATALOG_COMPILER_APPICON_NAME = AppIcon;
				CODE_SIGN_STYLE = Automatic;
				DEVELOPMENT_TEAM = F7WJD6355G;
				INFOPLIST_FILE = FloatingCovers/Info.plist;
				LD_RUNPATH_SEARCH_PATHS = (
					"$(inherited)",
					"@executable_path/Frameworks",
				);
				PRODUCT_BUNDLE_IDENTIFIER = com.macbellingrath.FloatingCovers;
				PRODUCT_NAME = "$(TARGET_NAME)";
				SWIFT_VERSION = 5.0;
				TARGETED_DEVICE_FAMILY = "1,2";
			};
			name = Debug;
		};
		E6D69FA52250E7D500BFB157 /* Release */ = {
			isa = XCBuildConfiguration;
			buildSettings = {
				ASSETCATALOG_COMPILER_APPICON_NAME = AppIcon;
				CODE_SIGN_STYLE = Automatic;
				DEVELOPMENT_TEAM = F7WJD6355G;
				INFOPLIST_FILE = FloatingCovers/Info.plist;
				LD_RUNPATH_SEARCH_PATHS = (
					"$(inherited)",
					"@executable_path/Frameworks",
				);
				PRODUCT_BUNDLE_IDENTIFIER = com.macbellingrath.FloatingCovers;
				PRODUCT_NAME = "$(TARGET_NAME)";
				SWIFT_VERSION = 5.0;
				TARGETED_DEVICE_FAMILY = "1,2";
			};
			name = Release;
		};
		E6EF2C2022514BFE0059DA76 /* Debug */ = {
			isa = XCBuildConfiguration;
			buildSettings = {
				ALWAYS_EMBED_SWIFT_STANDARD_LIBRARIES = YES;
				CLANG_ENABLE_MODULES = YES;
				CODE_SIGN_IDENTITY = "-";
				CODE_SIGN_STYLE = Automatic;
				COMBINE_HIDPI_IMAGES = YES;
				INFOPLIST_FILE = BrightsSaver/Info.plist;
				INSTALL_PATH = "$(HOME)/Library/Screen Savers";
				LD_RUNPATH_SEARCH_PATHS = (
					"$(inherited)",
					"@executable_path/../Frameworks",
					"@loader_path/../Frameworks",
				);
				MACOSX_DEPLOYMENT_TARGET = 10.14;
				PRODUCT_BUNDLE_IDENTIFIER = com.macbellingrath.BrightsSaver;
				PRODUCT_NAME = "$(TARGET_NAME)";
				SDKROOT = macosx;
				SWIFT_OPTIMIZATION_LEVEL = "-Onone";
				SWIFT_VERSION = 5.0;
				WRAPPER_EXTENSION = saver;
			};
			name = Debug;
		};
		E6EF2C2122514BFE0059DA76 /* Release */ = {
			isa = XCBuildConfiguration;
			buildSettings = {
				ALWAYS_EMBED_SWIFT_STANDARD_LIBRARIES = YES;
				CLANG_ENABLE_MODULES = YES;
				CODE_SIGN_IDENTITY = "-";
				CODE_SIGN_STYLE = Automatic;
				COMBINE_HIDPI_IMAGES = YES;
				INFOPLIST_FILE = BrightsSaver/Info.plist;
				INSTALL_PATH = "$(HOME)/Library/Screen Savers";
				LD_RUNPATH_SEARCH_PATHS = (
					"$(inherited)",
					"@executable_path/../Frameworks",
					"@loader_path/../Frameworks",
				);
				MACOSX_DEPLOYMENT_TARGET = 10.14;
				PRODUCT_BUNDLE_IDENTIFIER = com.macbellingrath.BrightsSaver;
				PRODUCT_NAME = "$(TARGET_NAME)";
				SDKROOT = macosx;
				SWIFT_VERSION = 5.0;
				WRAPPER_EXTENSION = saver;
			};
			name = Release;
		};
/* End XCBuildConfiguration section */

/* Begin XCConfigurationList section */
		E6D69F8A2250E7D300BFB157 /* Build configuration list for PBXProject "FloatingCovers" */ = {
			isa = XCConfigurationList;
			buildConfigurations = (
				E6D69FA12250E7D500BFB157 /* Debug */,
				E6D69FA22250E7D500BFB157 /* Release */,
			);
			defaultConfigurationIsVisible = 0;
			defaultConfigurationName = Release;
		};
		E6D69FA32250E7D500BFB157 /* Build configuration list for PBXNativeTarget "FloatingCovers" */ = {
			isa = XCConfigurationList;
			buildConfigurations = (
				E6D69FA42250E7D500BFB157 /* Debug */,
				E6D69FA52250E7D500BFB157 /* Release */,
			);
			defaultConfigurationIsVisible = 0;
			defaultConfigurationName = Release;
		};
		E6EF2C2222514BFE0059DA76 /* Build configuration list for PBXNativeTarget "BrightsSaver" */ = {
			isa = XCConfigurationList;
			buildConfigurations = (
				E6EF2C2022514BFE0059DA76 /* Debug */,
				E6EF2C2122514BFE0059DA76 /* Release */,
			);
			defaultConfigurationIsVisible = 0;
			defaultConfigurationName = Release;
		};
/* End XCConfigurationList section */
	};
	rootObject = E6D69F872250E7D300BFB157 /* Project object */;
}
